
Microsoft Visual Studio Solution File, Format Version 12.00
# Visual Studio Version 17
VisualStudioVersion = 17.13.35806.99 d17.13
MinimumVisualStudioVersion = 10.0.40219.1
Project("{FAE04EC0-301F-11D3-BF4B-00C04F79EFBC}") = "NABD", "NABD\NABD.csproj", "{8F94E63A-938A-415A-A06C-412A120FE9A1}"
EndProject
Global
	GlobalSection(SolutionConfigurationPlatforms) = preSolution
		Debug|Any CPU = Debug|Any CPU
		Release|Any CPU = Release|Any CPU
	EndGlobalSection
	GlobalSection(ProjectConfigurationPlatforms) = postSolution
		{8F94E63A-938A-415A-A06C-412A120FE9A1}.Debug|Any CPU.ActiveCfg = Debug|Any CPU
		{8F94E63A-938A-415A-A06C-412A120FE9A1}.Debug|Any CPU.Build.0 = Debug|Any CPU
		{8F94E63A-938A-415A-A06C-412A120FE9A1}.Release|Any CPU.ActiveCfg = Release|Any CPU
		{8F94E63A-938A-415A-A06C-412A120FE9A1}.Release|Any CPU.Build.0 = Release|Any CPU
	EndGlobalSection
	GlobalSection(SolutionProperties) = preSolution
		HideSolutionNode = FALSE
	EndGlobalSection
	GlobalSection(ExtensibilityGlobals) = postSolution
		SolutionGuid = {A3F2DF49-4980-4D67-9EFC-B922DC31E7CE}
	EndGlobalSection
EndGlobal
